
Microsoft Visual Studio Solution File, Format Version 12.00
# Visual Studio Version 16
VisualStudioVersion = 16.0.29209.62
MinimumVisualStudioVersion = 10.0.40219.1
Project("{FAE04EC0-301F-11D3-BF4B-00C04F79EFBC}") = "MessageApp1.Android", "MessageApp1\MessageApp1.Android\MessageApp1.Android.csproj", "{E69FFD84-CD66-4465-99A7-827653F81BF8}"
EndProject
Project("{FAE04EC0-301F-11D3-BF4B-00C04F79EFBC}") = "MessageApp1.iOS", "MessageApp1\MessageApp1.iOS\MessageApp1.iOS.csproj", "{B4B2AD75-5636-40D6-93FC-6CD42BF53B89}"
EndProject
Project("{FAE04EC0-301F-11D3-BF4B-00C04F79EFBC}") = "MessageApp1", "MessageApp1\MessageApp1\MessageApp1.csproj", "{44D98E41-6446-427E-A2C6-4D5A59FE54C4}"
EndProject
Global
	GlobalSection(SolutionConfigurationPlatforms) = preSolution
		Debug|Any CPU = Debug|Any CPU
		Debug|iPhone = Debug|iPhone
		Debug|iPhoneSimulator = Debug|iPhoneSimulator
		Release|Any CPU = Release|Any CPU
		Release|iPhone = Release|iPhone
		Release|iPhoneSimulator = Release|iPhoneSimulator
	EndGlobalSection
	GlobalSection(ProjectConfigurationPlatforms) = postSolution
		{E69FFD84-CD66-4465-99A7-827653F81BF8}.Debug|Any CPU.ActiveCfg = Debug|Any CPU
		{E69FFD84-CD66-4465-99A7-827653F81BF8}.Debug|Any CPU.Build.0 = Debug|Any CPU
		{E69FFD84-CD66-4465-99A7-827653F81BF8}.Debug|Any CPU.Deploy.0 = Debug|Any CPU
		{E69FFD84-CD66-4465-99A7-827653F81BF8}.Debug|iPhone.ActiveCfg = Debug|Any CPU
		{E69FFD84-CD66-4465-99A7-827653F81BF8}.Debug|iPhone.Build.0 = Debug|Any CPU
		{E69FFD84-CD66-4465-99A7-827653F81BF8}.Debug|iPhone.Deploy.0 = Debug|Any CPU
		{E69FFD84-CD66-4465-99A7-827653F81BF8}.Debug|iPhoneSimulator.ActiveCfg = Debug|Any CPU
		{E69FFD84-CD66-4465-99A7-827653F81BF8}.Debug|iPhoneSimulator.Build.0 = Debug|Any CPU
		{E69FFD84-CD66-4465-99A7-827653F81BF8}.Debug|iPhoneSimulator.Deploy.0 = Debug|Any CPU
		{E69FFD84-CD66-4465-99A7-827653F81BF8}.Release|Any CPU.ActiveCfg = Release|Any CPU
		{E69FFD84-CD66-4465-99A7-827653F81BF8}.Release|Any CPU.Build.0 = Release|Any CPU
		{E69FFD84-CD66-4465-99A7-827653F81BF8}.Release|Any CPU.Deploy.0 = Release|Any CPU
		{E69FFD84-CD66-4465-99A7-827653F81BF8}.Release|iPhone.ActiveCfg = Release|Any CPU
		{E69FFD84-CD66-4465-99A7-827653F81BF8}.Release|iPhone.Build.0 = Release|Any CPU
		{E69FFD84-CD66-4465-99A7-827653F81BF8}.Release|iPhone.Deploy.0 = Release|Any CPU
		{E69FFD84-CD66-4465-99A7-827653F81BF8}.Release|iPhoneSimulator.ActiveCfg = Release|Any CPU
		{E69FFD84-CD66-4465-99A7-827653F81BF8}.Release|iPhoneSimulator.Build.0 = Release|Any CPU
		{E69FFD84-CD66-4465-99A7-827653F81BF8}.Release|iPhoneSimulator.Deploy.0 = Release|Any CPU
		{B4B2AD75-5636-40D6-93FC-6CD42BF53B89}.Debug|Any CPU.ActiveCfg = Debug|iPhoneSimulator
		{B4B2AD75-5636-40D6-93FC-6CD42BF53B89}.Debug|Any CPU.Build.0 = Debug|iPhoneSimulator
		{B4B2AD75-5636-40D6-93FC-6CD42BF53B89}.Debug|Any CPU.Deploy.0 = Debug|iPhoneSimulator
		{B4B2AD75-5636-40D6-93FC-6CD42BF53B89}.Debug|iPhone.ActiveCfg = Debug|iPhone
		{B4B2AD75-5636-40D6-93FC-6CD42BF53B89}.Debug|iPhone.Build.0 = Debug|iPhone
		{B4B2AD75-5636-40D6-93FC-6CD42BF53B89}.Debug|iPhone.Deploy.0 = Debug|iPhone
		{B4B2AD75-5636-40D6-93FC-6CD42BF53B89}.Debug|iPhoneSimulator.ActiveCfg = Debug|iPhoneSimulator
		{B4B2AD75-5636-40D6-93FC-6CD42BF53B89}.Debug|iPhoneSimulator.Build.0 = Debug|iPhoneSimulator
		{B4B2AD75-5636-40D6-93FC-6CD42BF53B89}.Debug|iPhoneSimulator.Deploy.0 = Debug|iPhoneSimulator
		{B4B2AD75-5636-40D6-93FC-6CD42BF53B89}.Release|Any CPU.ActiveCfg = Release|iPhone
		{B4B2AD75-5636-40D6-93FC-6CD42BF53B89}.Release|Any CPU.Build.0 = Release|iPhone
		{B4B2AD75-5636-40D6-93FC-6CD42BF53B89}.Release|Any CPU.Deploy.0 = Release|iPhone
		{B4B2AD75-5636-40D6-93FC-6CD42BF53B89}.Release|iPhone.ActiveCfg = Release|iPhone
		{B4B2AD75-5636-40D6-93FC-6CD42BF53B89}.Release|iPhone.Build.0 = Release|iPhone
		{B4B2AD75-5636-40D6-93FC-6CD42BF53B89}.Release|iPhone.Deploy.0 = Release|iPhone
		{B4B2AD75-5636-40D6-93FC-6CD42BF53B89}.Release|iPhoneSimulator.ActiveCfg = Release|iPhoneSimulator
		{B4B2AD75-5636-40D6-93FC-6CD42BF53B89}.Release|iPhoneSimulator.Build.0 = Release|iPhoneSimulator
		{B4B2AD75-5636-40D6-93FC-6CD42BF53B89}.Release|iPhoneSimulator.Deploy.0 = Release|iPhoneSimulator
		{44D98E41-6446-427E-A2C6-4D5A59FE54C4}.Debug|Any CPU.ActiveCfg = Debug|Any CPU
		{44D98E41-6446-427E-A2C6-4D5A59FE54C4}.Debug|Any CPU.Build.0 = Debug|Any CPU
		{44D98E41-6446-427E-A2C6-4D5A59FE54C4}.Debug|Any CPU.Deploy.0 = Debug|Any CPU
		{44D98E41-6446-427E-A2C6-4D5A59FE54C4}.Debug|iPhone.ActiveCfg = Debug|Any CPU
		{44D98E41-6446-427E-A2C6-4D5A59FE54C4}.Debug|iPhone.Build.0 = Debug|Any CPU
		{44D98E41-6446-427E-A2C6-4D5A59FE54C4}.Debug|iPhone.Deploy.0 = Debug|Any CPU
		{44D98E41-6446-427E-A2C6-4D5A59FE54C4}.Debug|iPhoneSimulator.ActiveCfg = Debug|Any CPU
		{44D98E41-6446-427E-A2C6-4D5A59FE54C4}.Debug|iPhoneSimulator.Build.0 = Debug|Any CPU
		{44D98E41-6446-427E-A2C6-4D5A59FE54C4}.Debug|iPhoneSimulator.Deploy.0 = Debug|Any CPU
		{44D98E41-6446-427E-A2C6-4D5A59FE54C4}.Release|Any CPU.ActiveCfg = Release|Any CPU
		{44D98E41-6446-427E-A2C6-4D5A59FE54C4}.Release|Any CPU.Build.0 = Release|Any CPU
		{44D98E41-6446-427E-A2C6-4D5A59FE54C4}.Release|Any CPU.Deploy.0 = Release|Any CPU
		{44D98E41-6446-427E-A2C6-4D5A59FE54C4}.Release|iPhone.ActiveCfg = Release|Any CPU
		{44D98E41-6446-427E-A2C6-4D5A59FE54C4}.Release|iPhone.Build.0 = Release|Any CPU
		{44D98E41-6446-427E-A2C6-4D5A59FE54C4}.Release|iPhone.Deploy.0 = Release|Any CPU
		{44D98E41-6446-427E-A2C6-4D5A59FE54C4}.Release|iPhoneSimulator.ActiveCfg = Release|Any CPU
		{44D98E41-6446-427E-A2C6-4D5A59FE54C4}.Release|iPhoneSimulator.Build.0 = Release|Any CPU
		{44D98E41-6446-427E-A2C6-4D5A59FE54C4}.Release|iPhoneSimulator.Deploy.0 = Release|Any CPU
	EndGlobalSection
	GlobalSection(SolutionProperties) = preSolution
		HideSolutionNode = FALSE
	EndGlobalSection
	GlobalSection(ExtensibilityGlobals) = postSolution
		SolutionGuid = {278ECA81-F919-415F-8B9B-65598B3DA691}
	EndGlobalSection
EndGlobal
